// !$*UTF8*$!
{
	archiveVersion = 1;
	classes = {
	};
	objectVersion = 48;
	objects = {

/* Begin PBXBuildFile section */
		1F6849992172D39C004E1395 /* file.kml in Resources */ = {isa = PBXBuildFile; fileRef = 1F6849982172D39C004E1395 /* file.kml */; };
		1F89614A1FDF19100061C8D2 /* Reachability.swift in Sources */ = {isa = PBXBuildFile; fileRef = 1F8961491FDF19100061C8D2 /* Reachability.swift */; };
		1F89614C1FDF20770061C8D2 /* ColonySQLiteDAO.swift in Sources */ = {isa = PBXBuildFile; fileRef = 1F89614B1FDF20770061C8D2 /* ColonySQLiteDAO.swift */; };
		1F8A0ED81FD36F2600F1BC3B /* AppDelegate.swift in Sources */ = {isa = PBXBuildFile; fileRef = 1F8A0ED71FD36F2600F1BC3B /* AppDelegate.swift */; };
		1F8A0EDA1FD36F2600F1BC3B /* ViewController.swift in Sources */ = {isa = PBXBuildFile; fileRef = 1F8A0ED91FD36F2600F1BC3B /* ViewController.swift */; };
		1F8A0EDD1FD36F2600F1BC3B /* Main.storyboard in Resources */ = {isa = PBXBuildFile; fileRef = 1F8A0EDB1FD36F2600F1BC3B /* Main.storyboard */; };
		1F8A0EE01FD36F2600F1BC3B /* MennoMaps.xcdatamodeld in Sources */ = {isa = PBXBuildFile; fileRef = 1F8A0EDE1FD36F2600F1BC3B /* MennoMaps.xcdatamodeld */; };
		1F8A0EE21FD36F2600F1BC3B /* Assets.xcassets in Resources */ = {isa = PBXBuildFile; fileRef = 1F8A0EE11FD36F2600F1BC3B /* Assets.xcassets */; };
		1F8A0EE51FD36F2600F1BC3B /* LaunchScreen.storyboard in Resources */ = {isa = PBXBuildFile; fileRef = 1F8A0EE31FD36F2600F1BC3B /* LaunchScreen.storyboard */; };
		1FA155A61FD9FFB500D78EBB /* DataLoadObserver.swift in Sources */ = {isa = PBXBuildFile; fileRef = 1FA155A51FD9FFB500D78EBB /* DataLoadObserver.swift */; };
		1FAC470C1FDAF3A400E7DDC0 /* ColonyModel.swift in Sources */ = {isa = PBXBuildFile; fileRef = 1FAC470B1FDAF3A400E7DDC0 /* ColonyModel.swift */; };
		1FAC470E1FDAF4BB00E7DDC0 /* ColonyFirebaseDAO.swift in Sources */ = {isa = PBXBuildFile; fileRef = 1FAC470D1FDAF4BB00E7DDC0 /* ColonyFirebaseDAO.swift */; };
		1FCAE6D41FDEF4FA00A7D11A /* ColonyAbstractDAO.swift in Sources */ = {isa = PBXBuildFile; fileRef = 1FCAE6D31FDEF4FA00A7D11A /* ColonyAbstractDAO.swift */; };
		1FD75BFC1FE1DAE6009BE64E /* VillageAbstractDAO.swift in Sources */ = {isa = PBXBuildFile; fileRef = 1FD75BFB1FE1DAE6009BE64E /* VillageAbstractDAO.swift */; };
		1FD75BFE1FE1E1AF009BE64E /* VillageSQLiteDAO.swift in Sources */ = {isa = PBXBuildFile; fileRef = 1FD75BFD1FE1E1AF009BE64E /* VillageSQLiteDAO.swift */; };
		1FE2D22F1FD38ED60064B399 /* GoogleService-Info.plist in Resources */ = {isa = PBXBuildFile; fileRef = 1FE2D22E1FD38ED60064B399 /* GoogleService-Info.plist */; };
		1FE2D2371FD39A7E0064B399 /* VillageModel.swift in Sources */ = {isa = PBXBuildFile; fileRef = 1FE2D2361FD39A7E0064B399 /* VillageModel.swift */; };
		1FEB43021FD8AC3F0059D4AB /* VillageFirebaseDAO.swift in Sources */ = {isa = PBXBuildFile; fileRef = 1FEB43011FD8AC3F0059D4AB /* VillageFirebaseDAO.swift */; };
		1FEB43051FD8AC8D0059D4AB /* AbstractDAO.swift in Sources */ = {isa = PBXBuildFile; fileRef = 1FEB43041FD8AC8D0059D4AB /* AbstractDAO.swift */; };
		1FEB43071FD8ADBD0059D4AB /* AbstractModel.swift in Sources */ = {isa = PBXBuildFile; fileRef = 1FEB43061FD8ADBD0059D4AB /* AbstractModel.swift */; };
		458BFD529541F2A9EAC3C4B5 /* libPods-MennoMaps.a in Frameworks */ = {isa = PBXBuildFile; fileRef = B88C5EB2B8A3EC4A9E72E499 /* libPods-MennoMaps.a */; };
/* End PBXBuildFile section */

/* Begin PBXFileReference section */
		1F6849982172D39C004E1395 /* file.kml */ = {isa = PBXFileReference; lastKnownFileType = text; path = file.kml; sourceTree = "<group>"; };
		1F8961491FDF19100061C8D2 /* Reachability.swift */ = {isa = PBXFileReference; lastKnownFileType = sourcecode.swift; path = Reachability.swift; sourceTree = "<group>"; };
		1F89614B1FDF20770061C8D2 /* ColonySQLiteDAO.swift */ = {isa = PBXFileReference; lastKnownFileType = sourcecode.swift; path = ColonySQLiteDAO.swift; sourceTree = "<group>"; };
		1F8A0ED41FD36F2600F1BC3B /* MennoMaps.app */ = {isa = PBXFileReference; explicitFileType = wrapper.application; includeInIndex = 0; path = MennoMaps.app; sourceTree = BUILT_PRODUCTS_DIR; };
		1F8A0ED71FD36F2600F1BC3B /* AppDelegate.swift */ = {isa = PBXFileReference; lastKnownFileType = sourcecode.swift; path = AppDelegate.swift; sourceTree = "<group>"; };
		1F8A0ED91FD36F2600F1BC3B /* ViewController.swift */ = {isa = PBXFileReference; lastKnownFileType = sourcecode.swift; path = ViewController.swift; sourceTree = "<group>"; };
		1F8A0EDC1FD36F2600F1BC3B /* Base */ = {isa = PBXFileReference; lastKnownFileType = file.storyboard; name = Base; path = Base.lproj/Main.storyboard; sourceTree = "<group>"; };
		1F8A0EDF1FD36F2600F1BC3B /* MennoMaps.xcdatamodel */ = {isa = PBXFileReference; lastKnownFileType = wrapper.xcdatamodel; path = MennoMaps.xcdatamodel; sourceTree = "<group>"; };
		1F8A0EE11FD36F2600F1BC3B /* Assets.xcassets */ = {isa = PBXFileReference; lastKnownFileType = folder.assetcatalog; path = Assets.xcassets; sourceTree = "<group>"; };
		1F8A0EE41FD36F2600F1BC3B /* Base */ = {isa = PBXFileReference; lastKnownFileType = file.storyboard; name = Base; path = Base.lproj/LaunchScreen.storyboard; sourceTree = "<group>"; };
		1F8A0EE61FD36F2600F1BC3B /* Info.plist */ = {isa = PBXFileReference; lastKnownFileType = text.plist.xml; path = Info.plist; sourceTree = "<group>"; };
		1FA155A51FD9FFB500D78EBB /* DataLoadObserver.swift */ = {isa = PBXFileReference; lastKnownFileType = sourcecode.swift; path = DataLoadObserver.swift; sourceTree = "<group>"; };
		1FAC470B1FDAF3A400E7DDC0 /* ColonyModel.swift */ = {isa = PBXFileReference; lastKnownFileType = sourcecode.swift; path = ColonyModel.swift; sourceTree = "<group>"; };
		1FAC470D1FDAF4BB00E7DDC0 /* ColonyFirebaseDAO.swift */ = {isa = PBXFileReference; lastKnownFileType = sourcecode.swift; path = ColonyFirebaseDAO.swift; sourceTree = "<group>"; };
		1FCAE6D31FDEF4FA00A7D11A /* ColonyAbstractDAO.swift */ = {isa = PBXFileReference; lastKnownFileType = sourcecode.swift; path = ColonyAbstractDAO.swift; sourceTree = "<group>"; };
		1FD75BFB1FE1DAE6009BE64E /* VillageAbstractDAO.swift */ = {isa = PBXFileReference; lastKnownFileType = sourcecode.swift; path = VillageAbstractDAO.swift; sourceTree = "<group>"; };
		1FD75BFD1FE1E1AF009BE64E /* VillageSQLiteDAO.swift */ = {isa = PBXFileReference; lastKnownFileType = sourcecode.swift; path = VillageSQLiteDAO.swift; sourceTree = "<group>"; };
		1FE2D22E1FD38ED60064B399 /* GoogleService-Info.plist */ = {isa = PBXFileReference; fileEncoding = 4; lastKnownFileType = text.plist.xml; path = "GoogleService-Info.plist"; sourceTree = "<group>"; };
		1FE2D2321FD390390064B399 /* google_maps_bridge.h */ = {isa = PBXFileReference; fileEncoding = 4; lastKnownFileType = sourcecode.c.h; path = google_maps_bridge.h; sourceTree = SOURCE_ROOT; };
		1FE2D2361FD39A7E0064B399 /* VillageModel.swift */ = {isa = PBXFileReference; lastKnownFileType = sourcecode.swift; path = VillageModel.swift; sourceTree = "<group>"; };
		1FEB43011FD8AC3F0059D4AB /* VillageFirebaseDAO.swift */ = {isa = PBXFileReference; lastKnownFileType = sourcecode.swift; path = VillageFirebaseDAO.swift; sourceTree = "<group>"; };
		1FEB43041FD8AC8D0059D4AB /* AbstractDAO.swift */ = {isa = PBXFileReference; lastKnownFileType = sourcecode.swift; path = AbstractDAO.swift; sourceTree = "<group>"; };
		1FEB43061FD8ADBD0059D4AB /* AbstractModel.swift */ = {isa = PBXFileReference; lastKnownFileType = sourcecode.swift; path = AbstractModel.swift; sourceTree = "<group>"; };
		4591DA16C03D0DE729040CCC /* Pods-MennoMaps.debug.xcconfig */ = {isa = PBXFileReference; includeInIndex = 1; lastKnownFileType = text.xcconfig; name = "Pods-MennoMaps.debug.xcconfig"; path = "Pods/Target Support Files/Pods-MennoMaps/Pods-MennoMaps.debug.xcconfig"; sourceTree = "<group>"; };
		908426204D748978423835B2 /* Pods-MennoMaps.release.xcconfig */ = {isa = PBXFileReference; includeInIndex = 1; lastKnownFileType = text.xcconfig; name = "Pods-MennoMaps.release.xcconfig"; path = "Pods/Target Support Files/Pods-MennoMaps/Pods-MennoMaps.release.xcconfig"; sourceTree = "<group>"; };
		B88C5EB2B8A3EC4A9E72E499 /* libPods-MennoMaps.a */ = {isa = PBXFileReference; explicitFileType = archive.ar; includeInIndex = 0; path = "libPods-MennoMaps.a"; sourceTree = BUILT_PRODUCTS_DIR; };
/* End PBXFileReference section */

/* Begin PBXFrameworksBuildPhase section */
		1F8A0ED11FD36F2600F1BC3B /* Frameworks */ = {
			isa = PBXFrameworksBuildPhase;
			buildActionMask = 2147483647;
			files = (
				458BFD529541F2A9EAC3C4B5 /* libPods-MennoMaps.a in Frameworks */,
			);
			runOnlyForDeploymentPostprocessing = 0;
		};
/* End PBXFrameworksBuildPhase section */

/* Begin PBXGroup section */
		1F8961481FDF18F70061C8D2 /* Utils */ = {
			isa = PBXGroup;
			children = (
				1F8961491FDF19100061C8D2 /* Reachability.swift */,
			);
			path = Utils;
			sourceTree = "<group>";
		};
		1F8A0ECB1FD36F2600F1BC3B = {
			isa = PBXGroup;
			children = (
				1F8A0ED61FD36F2600F1BC3B /* MennoMaps */,
				1F8A0ED51FD36F2600F1BC3B /* Products */,
				4D798894236763CC69D82E76 /* Pods */,
				72D2074484F328BFE6E46BDA /* Frameworks */,
			);
			sourceTree = "<group>";
		};
		1F8A0ED51FD36F2600F1BC3B /* Products */ = {
			isa = PBXGroup;
			children = (
				1F8A0ED41FD36F2600F1BC3B /* MennoMaps.app */,
			);
			name = Products;
			sourceTree = "<group>";
		};
		1F8A0ED61FD36F2600F1BC3B /* MennoMaps */ = {
			isa = PBXGroup;
			children = (
				1F8961481FDF18F70061C8D2 /* Utils */,
				1FA155A41FD9FF9B00D78EBB /* Observers */,
				1FE2D2351FD39A540064B399 /* Model */,
				1F8A0EE61FD36F2600F1BC3B /* Info.plist */,
				1FE2D2341FD399D10064B399 /* Resource */,
				1FE2D2331FD399990064B399 /* View */,
				1FE2D2321FD390390064B399 /* google_maps_bridge.h */,
				1F8A0EE11FD36F2600F1BC3B /* Assets.xcassets */,
				1F8A0EDE1FD36F2600F1BC3B /* MennoMaps.xcdatamodeld */,
				1FEB43031FD8AC480059D4AB /* Dao */,
			);
			path = MennoMaps;
			sourceTree = "<group>";
		};
		1FA155A41FD9FF9B00D78EBB /* Observers */ = {
			isa = PBXGroup;
			children = (
				1FA155A51FD9FFB500D78EBB /* DataLoadObserver.swift */,
			);
			path = Observers;
			sourceTree = "<group>";
		};
		1FE2D2331FD399990064B399 /* View */ = {
			isa = PBXGroup;
			children = (
				1F8A0ED91FD36F2600F1BC3B /* ViewController.swift */,
				1F8A0EDB1FD36F2600F1BC3B /* Main.storyboard */,
				1F8A0EE31FD36F2600F1BC3B /* LaunchScreen.storyboard */,
				1F8A0ED71FD36F2600F1BC3B /* AppDelegate.swift */,
			);
			path = View;
			sourceTree = "<group>";
		};
		1FE2D2341FD399D10064B399 /* Resource */ = {
			isa = PBXGroup;
			children = (
				1F6849982172D39C004E1395 /* file.kml */,
				1FE2D22E1FD38ED60064B399 /* GoogleService-Info.plist */,
			);
			path = Resource;
			sourceTree = "<group>";
		};
		1FE2D2351FD39A540064B399 /* Model */ = {
			isa = PBXGroup;
			children = (
				1FE2D2361FD39A7E0064B399 /* VillageModel.swift */,
				1FEB43061FD8ADBD0059D4AB /* AbstractModel.swift */,
				1FAC470B1FDAF3A400E7DDC0 /* ColonyModel.swift */,
			);
			path = Model;
			sourceTree = "<group>";
		};
		1FEB43031FD8AC480059D4AB /* Dao */ = {
			isa = PBXGroup;
			children = (
				1FEB43011FD8AC3F0059D4AB /* VillageFirebaseDAO.swift */,
				1FEB43041FD8AC8D0059D4AB /* AbstractDAO.swift */,
				1FAC470D1FDAF4BB00E7DDC0 /* ColonyFirebaseDAO.swift */,
				1FCAE6D31FDEF4FA00A7D11A /* ColonyAbstractDAO.swift */,
				1F89614B1FDF20770061C8D2 /* ColonySQLiteDAO.swift */,
				1FD75BFB1FE1DAE6009BE64E /* VillageAbstractDAO.swift */,
				1FD75BFD1FE1E1AF009BE64E /* VillageSQLiteDAO.swift */,
			);
			path = Dao;
			sourceTree = "<group>";
		};
		4D798894236763CC69D82E76 /* Pods */ = {
			isa = PBXGroup;
			children = (
				4591DA16C03D0DE729040CCC /* Pods-MennoMaps.debug.xcconfig */,
				908426204D748978423835B2 /* Pods-MennoMaps.release.xcconfig */,
			);
			name = Pods;
			sourceTree = "<group>";
		};
		72D2074484F328BFE6E46BDA /* Frameworks */ = {
			isa = PBXGroup;
			children = (
				B88C5EB2B8A3EC4A9E72E499 /* libPods-MennoMaps.a */,
			);
			name = Frameworks;
			sourceTree = "<group>";
		};
/* End PBXGroup section */

/* Begin PBXNativeTarget section */
		1F8A0ED31FD36F2600F1BC3B /* MennoMaps */ = {
			isa = PBXNativeTarget;
			buildConfigurationList = 1F8A0EE91FD36F2600F1BC3B /* Build configuration list for PBXNativeTarget "MennoMaps" */;
			buildPhases = (
				2A56656EDB2C633EA08D136F /* [CP] Check Pods Manifest.lock */,
				1F8A0ED01FD36F2600F1BC3B /* Sources */,
				1F8A0ED11FD36F2600F1BC3B /* Frameworks */,
				1F8A0ED21FD36F2600F1BC3B /* Resources */,
				9799B6C1C58BAD551EF93851 /* [CP] Copy Pods Resources */,
			);
			buildRules = (
			);
			dependencies = (
			);
			name = MennoMaps;
			productName = MennoMaps;
			productReference = 1F8A0ED41FD36F2600F1BC3B /* MennoMaps.app */;
			productType = "com.apple.product-type.application";
		};
/* End PBXNativeTarget section */

/* Begin PBXProject section */
		1F8A0ECC1FD36F2600F1BC3B /* Project object */ = {
			isa = PBXProject;
			attributes = {
				LastSwiftUpdateCheck = 0910;
				LastUpgradeCheck = 0910;
				ORGANIZATIONNAME = "João Dyck";
				TargetAttributes = {
					1F8A0ED31FD36F2600F1BC3B = {
						CreatedOnToolsVersion = 9.1;
						ProvisioningStyle = Automatic;
					};
				};
			};
			buildConfigurationList = 1F8A0ECF1FD36F2600F1BC3B /* Build configuration list for PBXProject "MennoMaps" */;
			compatibilityVersion = "Xcode 8.0";
			developmentRegion = en;
			hasScannedForEncodings = 0;
			knownRegions = (
				en,
				Base,
			);
			mainGroup = 1F8A0ECB1FD36F2600F1BC3B;
			productRefGroup = 1F8A0ED51FD36F2600F1BC3B /* Products */;
			projectDirPath = "";
			projectRoot = "";
			targets = (
				1F8A0ED31FD36F2600F1BC3B /* MennoMaps */,
			);
		};
/* End PBXProject section */

/* Begin PBXResourcesBuildPhase section */
		1F8A0ED21FD36F2600F1BC3B /* Resources */ = {
			isa = PBXResourcesBuildPhase;
			buildActionMask = 2147483647;
			files = (
				1F8A0EE51FD36F2600F1BC3B /* LaunchScreen.storyboard in Resources */,
				1FE2D22F1FD38ED60064B399 /* GoogleService-Info.plist in Resources */,
				1F6849992172D39C004E1395 /* file.kml in Resources */,
				1F8A0EE21FD36F2600F1BC3B /* Assets.xcassets in Resources */,
				1F8A0EDD1FD36F2600F1BC3B /* Main.storyboard in Resources */,
			);
			runOnlyForDeploymentPostprocessing = 0;
		};
/* End PBXResourcesBuildPhase section */

/* Begin PBXShellScriptBuildPhase section */
		2A56656EDB2C633EA08D136F /* [CP] Check Pods Manifest.lock */ = {
			isa = PBXShellScriptBuildPhase;
			buildActionMask = 2147483647;
			files = (
			);
			inputPaths = (
				"${PODS_PODFILE_DIR_PATH}/Podfile.lock",
				"${PODS_ROOT}/Manifest.lock",
			);
			name = "[CP] Check Pods Manifest.lock";
			outputPaths = (
				"$(DERIVED_FILE_DIR)/Pods-MennoMaps-checkManifestLockResult.txt",
			);
			runOnlyForDeploymentPostprocessing = 0;
			shellPath = /bin/sh;
			shellScript = "diff \"${PODS_PODFILE_DIR_PATH}/Podfile.lock\" \"${PODS_ROOT}/Manifest.lock\" > /dev/null\nif [ $? != 0 ] ; then\n    # print error to STDERR\n    echo \"error: The sandbox is not in sync with the Podfile.lock. Run 'pod install' or update your CocoaPods installation.\" >&2\n    exit 1\nfi\n# This output is used by Xcode 'outputs' to avoid re-running this script phase.\necho \"SUCCESS\" > \"${SCRIPT_OUTPUT_FILE_0}\"\n";
			showEnvVarsInLog = 0;
		};
		9799B6C1C58BAD551EF93851 /* [CP] Copy Pods Resources */ = {
			isa = PBXShellScriptBuildPhase;
			buildActionMask = 2147483647;
			files = (
			);
			inputPaths = (
				"${SRCROOT}/Pods/Target Support Files/Pods-MennoMaps/Pods-MennoMaps-resources.sh",
				"${PODS_ROOT}/GoogleMaps/Maps/Frameworks/GoogleMaps.framework/Resources/GoogleMaps.bundle",
			);
			name = "[CP] Copy Pods Resources";
			outputPaths = (
				"${TARGET_BUILD_DIR}/${UNLOCALIZED_RESOURCES_FOLDER_PATH}/GoogleMaps.bundle",
			);
			runOnlyForDeploymentPostprocessing = 0;
			shellPath = /bin/sh;
			shellScript = "\"${SRCROOT}/Pods/Target Support Files/Pods-MennoMaps/Pods-MennoMaps-resources.sh\"\n";
			showEnvVarsInLog = 0;
		};
/* End PBXShellScriptBuildPhase section */

/* Begin PBXSourcesBuildPhase section */
		1F8A0ED01FD36F2600F1BC3B /* Sources */ = {
			isa = PBXSourcesBuildPhase;
			buildActionMask = 2147483647;
			files = (
				1FA155A61FD9FFB500D78EBB /* DataLoadObserver.swift in Sources */,
				1FE2D2371FD39A7E0064B399 /* VillageModel.swift in Sources */,
				1F89614A1FDF19100061C8D2 /* Reachability.swift in Sources */,
				1F8A0EE01FD36F2600F1BC3B /* MennoMaps.xcdatamodeld in Sources */,
				1FAC470C1FDAF3A400E7DDC0 /* ColonyModel.swift in Sources */,
				1FAC470E1FDAF4BB00E7DDC0 /* ColonyFirebaseDAO.swift in Sources */,
				1FD75BFE1FE1E1AF009BE64E /* VillageSQLiteDAO.swift in Sources */,
				1F89614C1FDF20770061C8D2 /* ColonySQLiteDAO.swift in Sources */,
				1FEB43051FD8AC8D0059D4AB /* AbstractDAO.swift in Sources */,
				1F8A0EDA1FD36F2600F1BC3B /* ViewController.swift in Sources */,
				1FCAE6D41FDEF4FA00A7D11A /* ColonyAbstractDAO.swift in Sources */,
				1FEB43071FD8ADBD0059D4AB /* AbstractModel.swift in Sources */,
				1F8A0ED81FD36F2600F1BC3B /* AppDelegate.swift in Sources */,
				1FEB43021FD8AC3F0059D4AB /* VillageFirebaseDAO.swift in Sources */,
				1FD75BFC1FE1DAE6009BE64E /* VillageAbstractDAO.swift in Sources */,
			);
			runOnlyForDeploymentPostprocessing = 0;
		};
/* End PBXSourcesBuildPhase section */

/* Begin PBXVariantGroup section */
		1F8A0EDB1FD36F2600F1BC3B /* Main.storyboard */ = {
			isa = PBXVariantGroup;
			children = (
				1F8A0EDC1FD36F2600F1BC3B /* Base */,
			);
			name = Main.storyboard;
			sourceTree = "<group>";
		};
		1F8A0EE31FD36F2600F1BC3B /* LaunchScreen.storyboard */ = {
			isa = PBXVariantGroup;
			children = (
				1F8A0EE41FD36F2600F1BC3B /* Base */,
			);
			name = LaunchScreen.storyboard;
			sourceTree = "<group>";
		};
/* End PBXVariantGroup section */

/* Begin XCBuildConfiguration section */
		1F8A0EE71FD36F2600F1BC3B /* Debug */ = {
			isa = XCBuildConfiguration;
			buildSettings = {
				ALWAYS_SEARCH_USER_PATHS = NO;
				CLANG_ANALYZER_NONNULL = YES;
				CLANG_ANALYZER_NUMBER_OBJECT_CONVERSION = YES_AGGRESSIVE;
				CLANG_CXX_LANGUAGE_STANDARD = "gnu++14";
				CLANG_CXX_LIBRARY = "libc++";
				CLANG_ENABLE_MODULES = YES;
				CLANG_ENABLE_OBJC_ARC = YES;
				CLANG_WARN_BLOCK_CAPTURE_AUTORELEASING = YES;
				CLANG_WARN_BOOL_CONVERSION = YES;
				CLANG_WARN_COMMA = YES;
				CLANG_WARN_CONSTANT_CONVERSION = YES;
				CLANG_WARN_DIRECT_OBJC_ISA_USAGE = YES_ERROR;
				CLANG_WARN_DOCUMENTATION_COMMENTS = YES;
				CLANG_WARN_EMPTY_BODY = YES;
				CLANG_WARN_ENUM_CONVERSION = YES;
				CLANG_WARN_INFINITE_RECURSION = YES;
				CLANG_WARN_INT_CONVERSION = YES;
				CLANG_WARN_NON_LITERAL_NULL_CONVERSION = YES;
				CLANG_WARN_OBJC_LITERAL_CONVERSION = YES;
				CLANG_WARN_OBJC_ROOT_CLASS = YES_ERROR;
				CLANG_WARN_RANGE_LOOP_ANALYSIS = YES;
				CLANG_WARN_STRICT_PROTOTYPES = YES;
				CLANG_WARN_SUSPICIOUS_MOVE = YES;
				CLANG_WARN_UNGUARDED_AVAILABILITY = YES_AGGRESSIVE;
				CLANG_WARN_UNREACHABLE_CODE = YES;
				CLANG_WARN__DUPLICATE_METHOD_MATCH = YES;
				CODE_SIGN_IDENTITY = "iPhone Developer";
				COPY_PHASE_STRIP = NO;
				DEBUG_INFORMATION_FORMAT = dwarf;
				ENABLE_STRICT_OBJC_MSGSEND = YES;
				ENABLE_TESTABILITY = YES;
				GCC_C_LANGUAGE_STANDARD = gnu11;
				GCC_DYNAMIC_NO_PIC = NO;
				GCC_NO_COMMON_BLOCKS = YES;
				GCC_OPTIMIZATION_LEVEL = 0;
				GCC_PREPROCESSOR_DEFINITIONS = (
					"DEBUG=1",
					"$(inherited)",
				);
				GCC_WARN_64_TO_32_BIT_CONVERSION = YES;
				GCC_WARN_ABOUT_RETURN_TYPE = YES_ERROR;
				GCC_WARN_UNDECLARED_SELECTOR = YES;
				GCC_WARN_UNINITIALIZED_AUTOS = YES_AGGRESSIVE;
				GCC_WARN_UNUSED_FUNCTION = YES;
				GCC_WARN_UNUSED_VARIABLE = YES;
				IPHONEOS_DEPLOYMENT_TARGET = 11.1;
				MTL_ENABLE_DEBUG_INFO = YES;
				ONLY_ACTIVE_ARCH = YES;
				SDKROOT = iphoneos;
				SWIFT_ACTIVE_COMPILATION_CONDITIONS = DEBUG;
				SWIFT_OPTIMIZATION_LEVEL = "-Onone";
			};
			name = Debug;
		};
		1F8A0EE81FD36F2600F1BC3B /* Release */ = {
			isa = XCBuildConfiguration;
			buildSettings = {
				ALWAYS_SEARCH_USER_PATHS = NO;
				CLANG_ANALYZER_NONNULL = YES;
				CLANG_ANALYZER_NUMBER_OBJECT_CONVERSION = YES_AGGRESSIVE;
				CLANG_CXX_LANGUAGE_STANDARD = "gnu++14";
				CLANG_CXX_LIBRARY = "libc++";
				CLANG_ENABLE_MODULES = YES;
				CLANG_ENABLE_OBJC_ARC = YES;
				CLANG_WARN_BLOCK_CAPTURE_AUTORELEASING = YES;
				CLANG_WARN_BOOL_CONVERSION = YES;
				CLANG_WARN_COMMA = YES;
				CLANG_WARN_CONSTANT_CONVERSION = YES;
				CLANG_WARN_DIRECT_OBJC_ISA_USAGE = YES_ERROR;
				CLANG_WARN_DOCUMENTATION_COMMENTS = YES;
				CLANG_WARN_EMPTY_BODY = YES;
				CLANG_WARN_ENUM_CONVERSION = YES;
				CLANG_WARN_INFINITE_RECURSION = YES;
				CLANG_WARN_INT_CONVERSION = YES;
				CLANG_WARN_NON_LITERAL_NULL_CONVERSION = YES;
				CLANG_WARN_OBJC_LITERAL_CONVERSION = YES;
				CLANG_WARN_OBJC_ROOT_CLASS = YES_ERROR;
				CLANG_WARN_RANGE_LOOP_ANALYSIS = YES;
				CLANG_WARN_STRICT_PROTOTYPES = YES;
				CLANG_WARN_SUSPICIOUS_MOVE = YES;
				CLANG_WARN_UNGUARDED_AVAILABILITY = YES_AGGRESSIVE;
				CLANG_WARN_UNREACHABLE_CODE = YES;
				CLANG_WARN__DUPLICATE_METHOD_MATCH = YES;
				CODE_SIGN_IDENTITY = "iPhone Developer";
				COPY_PHASE_STRIP = NO;
				DEBUG_INFORMATION_FORMAT = "dwarf-with-dsym";
				ENABLE_NS_ASSERTIONS = NO;
				ENABLE_STRICT_OBJC_MSGSEND = YES;
				GCC_C_LANGUAGE_STANDARD = gnu11;
				GCC_NO_COMMON_BLOCKS = YES;
				GCC_WARN_64_TO_32_BIT_CONVERSION = YES;
				GCC_WARN_ABOUT_RETURN_TYPE = YES_ERROR;
				GCC_WARN_UNDECLARED_SELECTOR = YES;
				GCC_WARN_UNINITIALIZED_AUTOS = YES_AGGRESSIVE;
				GCC_WARN_UNUSED_FUNCTION = YES;
				GCC_WARN_UNUSED_VARIABLE = YES;
				IPHONEOS_DEPLOYMENT_TARGET = 11.1;
				MTL_ENABLE_DEBUG_INFO = NO;
				SDKROOT = iphoneos;
				SWIFT_OPTIMIZATION_LEVEL = "-Owholemodule";
				VALIDATE_PRODUCT = YES;
			};
			name = Release;
		};
		1F8A0EEA1FD36F2600F1BC3B /* Debug */ = {
			isa = XCBuildConfiguration;
			baseConfigurationReference = 4591DA16C03D0DE729040CCC /* Pods-MennoMaps.debug.xcconfig */;
			buildSettings = {
				ASSETCATALOG_COMPILER_APPICON_NAME = AppIcon;
				CODE_SIGN_STYLE = Automatic;
				DEVELOPMENT_TEAM = "";
				INFOPLIST_FILE = MennoMaps/Info.plist;
				LD_RUNPATH_SEARCH_PATHS = "$(inherited) @executable_path/Frameworks";
				PRODUCT_BUNDLE_IDENTIFIER = br.com.joaogd53.MennoMaps;
				PRODUCT_NAME = "$(TARGET_NAME)";
				SWIFT_OBJC_BRIDGING_HEADER = /Users/joaodyck/Documents/Development/iOS/MennoMaps/google_maps_bridge.h;
				SWIFT_VERSION = 4.0;
				TARGETED_DEVICE_FAMILY = "1,2";
			};
			name = Debug;
		};
		1F8A0EEB1FD36F2600F1BC3B /* Release */ = {
			isa = XCBuildConfiguration;
			baseConfigurationReference = 908426204D748978423835B2 /* Pods-MennoMaps.release.xcconfig */;
			buildSettings = {
				ASSETCATALOG_COMPILER_APPICON_NAME = AppIcon;
				CODE_SIGN_STYLE = Automatic;
				DEVELOPMENT_TEAM = "";
				INFOPLIST_FILE = MennoMaps/Info.plist;
				LD_RUNPATH_SEARCH_PATHS = "$(inherited) @executable_path/Frameworks";
				PRODUCT_BUNDLE_IDENTIFIER = br.com.joaogd53.MennoMaps;
				PRODUCT_NAME = "$(TARGET_NAME)";
				SWIFT_OBJC_BRIDGING_HEADER = /Users/joaodyck/Documents/Development/iOS/MennoMaps/google_maps_bridge.h;
				SWIFT_VERSION = 4.0;
				TARGETED_DEVICE_FAMILY = "1,2";
			};
			name = Release;
		};
/* End XCBuildConfiguration section */

/* Begin XCConfigurationList section */
		1F8A0ECF1FD36F2600F1BC3B /* Build configuration list for PBXProject "MennoMaps" */ = {
			isa = XCConfigurationList;
			buildConfigurations = (
				1F8A0EE71FD36F2600F1BC3B /* Debug */,
				1F8A0EE81FD36F2600F1BC3B /* Release */,
			);
			defaultConfigurationIsVisible = 0;
			defaultConfigurationName = Release;
		};
		1F8A0EE91FD36F2600F1BC3B /* Build configuration list for PBXNativeTarget "MennoMaps" */ = {
			isa = XCConfigurationList;
			buildConfigurations = (
				1F8A0EEA1FD36F2600F1BC3B /* Debug */,
				1F8A0EEB1FD36F2600F1BC3B /* Release */,
			);
			defaultConfigurationIsVisible = 0;
			defaultConfigurationName = Release;
		};
/* End XCConfigurationList section */

/* Begin XCVersionGroup section */
		1F8A0EDE1FD36F2600F1BC3B /* MennoMaps.xcdatamodeld */ = {
			isa = XCVersionGroup;
			children = (
				1F8A0EDF1FD36F2600F1BC3B /* MennoMaps.xcdatamodel */,
			);
			currentVersion = 1F8A0EDF1FD36F2600F1BC3B /* MennoMaps.xcdatamodel */;
			path = MennoMaps.xcdatamodeld;
			sourceTree = "<group>";
			versionGroupType = wrapper.xcdatamodel;
		};
/* End XCVersionGroup section */
	};
	rootObject = 1F8A0ECC1FD36F2600F1BC3B /* Project object */;
}
